
Microsoft Visual Studio Solution File, Format Version 12.00
# Visual Studio 15
VisualStudioVersion = 15.0.26430.12
MinimumVisualStudioVersion = 10.0.40219.1
Project("{2150E333-8FDC-42A3-9474-1A3956D46DE8}") = "src", "src", "{FD329597-84FE-4592-A881-C93CAEF20A5A}"
EndProject
Project("{2150E333-8FDC-42A3-9474-1A3956D46DE8}") = "Solution Items", "Solution Items", "{8E48A835-23CB-4528-AB55-A63859A51726}"
	ProjectSection(SolutionItems) = preProject
		.gitlab-ci.yml = .gitlab-ci.yml
		build.ps1 = build.ps1
	EndProjectSection
EndProject
Project("{9A19103F-16F7-4668-BE54-9A1E7A4F7556}") = "Folke.Core", "src\Folke.Core\Folke.Core.csproj", "{BF381300-69AB-4923-9B7B-F0C8814FBC26}"
EndProject
Project("{9A19103F-16F7-4668-BE54-9A1E7A4F7556}") = "Folke.Mvc.Extensions", "..\Folke.Mvc.Extensions\src\Folke.Mvc.Extensions\Folke.Mvc.Extensions.csproj", "{FEFBB264-4B6B-40FB-9870-ED3701890973}"
EndProject
Project("{9A19103F-16F7-4668-BE54-9A1E7A4F7556}") = "Folke.Identity.Elm", "..\Folke.Identity.Elm\src\Folke.Identity.Elm\Folke.Identity.Elm.csproj", "{579509D0-86D2-467D-9361-4E926219DB08}"
EndProject
Project("{9A19103F-16F7-4668-BE54-9A1E7A4F7556}") = "Folke.CsTsService", "..\Folke.CsTsService\src\Folke.CsTsService\Folke.CsTsService.csproj", "{657A05C9-9521-44A5-8248-184B8E4587BF}"
EndProject
Project("{9A19103F-16F7-4668-BE54-9A1E7A4F7556}") = "Folke.Elm", "..\Folke.Elm\src\Folke.Elm\Folke.Elm.csproj", "{69382C92-4EC9-4713-82A7-A43A52C034A1}"
EndProject
Project("{9A19103F-16F7-4668-BE54-9A1E7A4F7556}") = "Folke.Identity.Server", "..\Folke.Identity.Server\src\Folke.Identity.Server\Folke.Identity.Server.csproj", "{8BEF84F2-2DFF-4A23-811F-540A1CF1E591}"
EndProject
Global
	GlobalSection(SolutionConfigurationPlatforms) = preSolution
		Debug|Any CPU = Debug|Any CPU
		Release|Any CPU = Release|Any CPU
	EndGlobalSection
	GlobalSection(ProjectConfigurationPlatforms) = postSolution
		{BF381300-69AB-4923-9B7B-F0C8814FBC26}.Debug|Any CPU.ActiveCfg = Debug|Any CPU
		{BF381300-69AB-4923-9B7B-F0C8814FBC26}.Debug|Any CPU.Build.0 = Debug|Any CPU
		{BF381300-69AB-4923-9B7B-F0C8814FBC26}.Release|Any CPU.ActiveCfg = Release|Any CPU
		{BF381300-69AB-4923-9B7B-F0C8814FBC26}.Release|Any CPU.Build.0 = Release|Any CPU
		{FEFBB264-4B6B-40FB-9870-ED3701890973}.Debug|Any CPU.ActiveCfg = Debug|Any CPU
		{FEFBB264-4B6B-40FB-9870-ED3701890973}.Debug|Any CPU.Build.0 = Debug|Any CPU
		{FEFBB264-4B6B-40FB-9870-ED3701890973}.Release|Any CPU.ActiveCfg = Release|Any CPU
		{FEFBB264-4B6B-40FB-9870-ED3701890973}.Release|Any CPU.Build.0 = Release|Any CPU
		{579509D0-86D2-467D-9361-4E926219DB08}.Debug|Any CPU.ActiveCfg = Debug|Any CPU
		{579509D0-86D2-467D-9361-4E926219DB08}.Debug|Any CPU.Build.0 = Debug|Any CPU
		{579509D0-86D2-467D-9361-4E926219DB08}.Release|Any CPU.ActiveCfg = Release|Any CPU
		{579509D0-86D2-467D-9361-4E926219DB08}.Release|Any CPU.Build.0 = Release|Any CPU
		{657A05C9-9521-44A5-8248-184B8E4587BF}.Debug|Any CPU.ActiveCfg = Debug|Any CPU
		{657A05C9-9521-44A5-8248-184B8E4587BF}.Debug|Any CPU.Build.0 = Debug|Any CPU
		{657A05C9-9521-44A5-8248-184B8E4587BF}.Release|Any CPU.ActiveCfg = Release|Any CPU
		{657A05C9-9521-44A5-8248-184B8E4587BF}.Release|Any CPU.Build.0 = Release|Any CPU
		{69382C92-4EC9-4713-82A7-A43A52C034A1}.Debug|Any CPU.ActiveCfg = Debug|Any CPU
		{69382C92-4EC9-4713-82A7-A43A52C034A1}.Debug|Any CPU.Build.0 = Debug|Any CPU
		{69382C92-4EC9-4713-82A7-A43A52C034A1}.Release|Any CPU.ActiveCfg = Release|Any CPU
		{69382C92-4EC9-4713-82A7-A43A52C034A1}.Release|Any CPU.Build.0 = Release|Any CPU
		{8BEF84F2-2DFF-4A23-811F-540A1CF1E591}.Debug|Any CPU.ActiveCfg = Debug|Any CPU
		{8BEF84F2-2DFF-4A23-811F-540A1CF1E591}.Debug|Any CPU.Build.0 = Debug|Any CPU
		{8BEF84F2-2DFF-4A23-811F-540A1CF1E591}.Release|Any CPU.ActiveCfg = Release|Any CPU
		{8BEF84F2-2DFF-4A23-811F-540A1CF1E591}.Release|Any CPU.Build.0 = Release|Any CPU
	EndGlobalSection
	GlobalSection(SolutionProperties) = preSolution
		HideSolutionNode = FALSE
	EndGlobalSection
	GlobalSection(NestedProjects) = preSolution
		{BF381300-69AB-4923-9B7B-F0C8814FBC26} = {FD329597-84FE-4592-A881-C93CAEF20A5A}
	EndGlobalSection
EndGlobal
